{
  "name": "@zeropress/preview-data-validator",
  "version": "0.7.0",
  "lockfileVersion": 3,
  "requires": true,
  "packages": {
    "": {
      "name": "@zeropress/preview-data-validator",
      "version": "0.7.0",
      "license": "MIT",
      "dependencies": {
        "@zeropress/slug-policy": "0.2.1"
      },
      "engines": {
        "node": ">=22.12.0"
      }
    },
    "node_modules/@zeropress/slug-policy": {
      "version": "0.2.1",
      "resolved": "https://registry.npmjs.org/@zeropress/slug-policy/-/slug-policy-0.2.1.tgz",
      "integrity": "sha512-svuNDKM2WDsBVXPep31U1EYi3SHIGfUxXLatjRy44GLKbMTRDdfyQfUaJdC15mIy8IUNJmk8GZ2WZZFKLVEGUQ==",
      "license": "MIT",
      "engines": {
        "node": ">=22.12.0"
      }
    }
  }
}
